// !$*UTF8*$!
{
	archiveVersion = 1;
	classes = {
	};
	objectVersion = 55;
	objects = {

/* Begin PBXBuildFile section */
		6700F64A282983C600AB90BA /* Puppy in Frameworks */ = {isa = PBXBuildFile; productRef = 6700F649282983C600AB90BA /* Puppy */; };
		6700F64C2829840500AB90BA /* LogService.swift in Sources */ = {isa = PBXBuildFile; fileRef = 6700F64B2829840500AB90BA /* LogService.swift */; };
		6700F64E282986CE00AB90BA /* LogServiceProtocol.swift in Sources */ = {isa = PBXBuildFile; fileRef = 6700F64D282986CE00AB90BA /* LogServiceProtocol.swift */; };
		6700F65128298BBC00AB90BA /* LogFormatter.swift in Sources */ = {isa = PBXBuildFile; fileRef = 6700F65028298BBC00AB90BA /* LogFormatter.swift */; };
		6700F65328298D4400AB90BA /* MessageLoggeable.swift in Sources */ = {isa = PBXBuildFile; fileRef = 6700F65228298D4400AB90BA /* MessageLoggeable.swift */; };
		6700F6552829A88800AB90BA /* MetadataLoggeable.swift in Sources */ = {isa = PBXBuildFile; fileRef = 6700F6542829A88800AB90BA /* MetadataLoggeable.swift */; };
		67177C7E2828616D001677E2 /* LocationOnboardingViewController.swift in Sources */ = {isa = PBXBuildFile; fileRef = 67177C7D2828616D001677E2 /* LocationOnboardingViewController.swift */; };
		67177C802828624C001677E2 /* LocationOnboardingView.swift in Sources */ = {isa = PBXBuildFile; fileRef = 67177C7F2828624C001677E2 /* LocationOnboardingView.swift */; };
		67177C822828743C001677E2 /* LocationOnboardingViewModel.swift in Sources */ = {isa = PBXBuildFile; fileRef = 67177C812828743C001677E2 /* LocationOnboardingViewModel.swift */; };
		67177C842828853B001677E2 /* LocationManager.swift in Sources */ = {isa = PBXBuildFile; fileRef = 67177C832828853B001677E2 /* LocationManager.swift */; };
		6741B67A282B31F700EF6415 /* ShopsView.swift in Sources */ = {isa = PBXBuildFile; fileRef = 6741B679282B31F700EF6415 /* ShopsView.swift */; };
		6741B67C282B3C1700EF6415 /* MapViewController.swift in Sources */ = {isa = PBXBuildFile; fileRef = 6741B67B282B3C1700EF6415 /* MapViewController.swift */; };
		6741B67F282B3D2800EF6415 /* MapView.swift in Sources */ = {isa = PBXBuildFile; fileRef = 6741B67E282B3D2800EF6415 /* MapView.swift */; };
		6741B681282B3EA100EF6415 /* UIView+Layout.swift in Sources */ = {isa = PBXBuildFile; fileRef = 6741B680282B3EA100EF6415 /* UIView+Layout.swift */; };
		6741B683282B3F3800EF6415 /* MapViewModel.swift in Sources */ = {isa = PBXBuildFile; fileRef = 6741B682282B3F3800EF6415 /* MapViewModel.swift */; };
		6741B685282B47FB00EF6415 /* ShopMapAnnotation.swift in Sources */ = {isa = PBXBuildFile; fileRef = 6741B684282B47FB00EF6415 /* ShopMapAnnotation.swift */; };
		6741B687282B4C4000EF6415 /* ShopDetailView.swift in Sources */ = {isa = PBXBuildFile; fileRef = 6741B686282B4C4000EF6415 /* ShopDetailView.swift */; };
		6741B689282B557000EF6415 /* ShopsFilterView.swift in Sources */ = {isa = PBXBuildFile; fileRef = 6741B688282B557000EF6415 /* ShopsFilterView.swift */; };
		67529103282B6DE5005E2A4E /* RoundedImageView.swift in Sources */ = {isa = PBXBuildFile; fileRef = 67529102282B6DE5005E2A4E /* RoundedImageView.swift */; };
		676E29B528355F0000A94E07 /* MapItemSearch.swift in Sources */ = {isa = PBXBuildFile; fileRef = 676E29B428355F0000A94E07 /* MapItemSearch.swift */; };
		676E29BA2835706500A94E07 /* UIButton+Configurations.swift in Sources */ = {isa = PBXBuildFile; fileRef = 676E29B92835706500A94E07 /* UIButton+Configurations.swift */; };
		676E29BC2835733A00A94E07 /* ShopMenuViewController.swift in Sources */ = {isa = PBXBuildFile; fileRef = 676E29BB2835733A00A94E07 /* ShopMenuViewController.swift */; };
		676E29BF2835764800A94E07 /* ShopMenuView.swift in Sources */ = {isa = PBXBuildFile; fileRef = 676E29BE2835764800A94E07 /* ShopMenuView.swift */; };
		676E29C12835784300A94E07 /* ShopMenuViewModel.swift in Sources */ = {isa = PBXBuildFile; fileRef = 676E29C02835784300A94E07 /* ShopMenuViewModel.swift */; };
		676E29C328357B7C00A94E07 /* ShopDetail.swift in Sources */ = {isa = PBXBuildFile; fileRef = 676E29C228357B7C00A94E07 /* ShopDetail.swift */; };
		676E29C528357BAA00A94E07 /* ShopMenuCategory.swift in Sources */ = {isa = PBXBuildFile; fileRef = 676E29C428357BAA00A94E07 /* ShopMenuCategory.swift */; };
		676E29C728357C3800A94E07 /* ShopMenuItem.swift in Sources */ = {isa = PBXBuildFile; fileRef = 676E29C628357C3800A94E07 /* ShopMenuItem.swift */; };
		676E29C9283587E900A94E07 /* SectionReusableView.swift in Sources */ = {isa = PBXBuildFile; fileRef = 676E29C8283587E900A94E07 /* SectionReusableView.swift */; };
		67741D0028386B1D0066D320 /* NewsViewController.swift in Sources */ = {isa = PBXBuildFile; fileRef = 67741CFF28386B1D0066D320 /* NewsViewController.swift */; };
		67741D0428386E070066D320 /* InitialScreen.swift in Sources */ = {isa = PBXBuildFile; fileRef = 67741D0328386E070066D320 /* InitialScreen.swift */; };
		67741D06283873850066D320 /* NewsView.swift in Sources */ = {isa = PBXBuildFile; fileRef = 67741D05283873850066D320 /* NewsView.swift */; };
		67741D08283874C50066D320 /* NewsViewModel.swift in Sources */ = {isa = PBXBuildFile; fileRef = 67741D07283874C50066D320 /* NewsViewModel.swift */; };
		67741D0E28389F110066D320 /* NewsDataSource.swift in Sources */ = {isa = PBXBuildFile; fileRef = 67741D0D28389F110066D320 /* NewsDataSource.swift */; };
		67741D1028389F680066D320 /* NewsSummary.swift in Sources */ = {isa = PBXBuildFile; fileRef = 67741D0F28389F680066D320 /* NewsSummary.swift */; };
		679AEC3A2814BE4700180CEF /* Pluma in Frameworks */ = {isa = PBXBuildFile; productRef = 679AEC392814BE4700180CEF /* Pluma */; };
		679AEC3C2814C06100180CEF /* shop_mock.json in Resources */ = {isa = PBXBuildFile; fileRef = 679AEC3B2814C06100180CEF /* shop_mock.json */; };
		679AEC3E2814C07200180CEF /* ShopTests.swift in Sources */ = {isa = PBXBuildFile; fileRef = 679AEC3D2814C07200180CEF /* ShopTests.swift */; };
		679AEC432814C6AF00180CEF /* ShopsDataSource.swift in Sources */ = {isa = PBXBuildFile; fileRef = 679AEC422814C6AF00180CEF /* ShopsDataSource.swift */; };
		679AEC452814FB7400180CEF /* ShopCollectionViewCell.swift in Sources */ = {isa = PBXBuildFile; fileRef = 679AEC442814FB7400180CEF /* ShopCollectionViewCell.swift */; };
		679AEC4928161EA700180CEF /* ShopImage.swift in Sources */ = {isa = PBXBuildFile; fileRef = 679AEC4828161EA700180CEF /* ShopImage.swift */; };
		67A02285281DF912007987BE /* ShopDetailViewController.swift in Sources */ = {isa = PBXBuildFile; fileRef = 67A02284281DF912007987BE /* ShopDetailViewController.swift */; };
		67A02287281DF9CE007987BE /* ShopDetailViewModel.swift in Sources */ = {isa = PBXBuildFile; fileRef = 67A02286281DF9CE007987BE /* ShopDetailViewModel.swift */; };
		67A02289281DFDDD007987BE /* ShopHeadView.swift in Sources */ = {isa = PBXBuildFile; fileRef = 67A02288281DFDDD007987BE /* ShopHeadView.swift */; };
		67A0228B281E201B007987BE /* ShopCoordinates.swift in Sources */ = {isa = PBXBuildFile; fileRef = 67A0228A281E201B007987BE /* ShopCoordinates.swift */; };
		67A0228D281E2B09007987BE /* UIFont+Styles.swift in Sources */ = {isa = PBXBuildFile; fileRef = 67A0228C281E2B09007987BE /* UIFont+Styles.swift */; };
		67A9FAB82818C84200CEF1E2 /* Neighborhood.swift in Sources */ = {isa = PBXBuildFile; fileRef = 67A9FAB72818C84200CEF1E2 /* Neighborhood.swift */; };
		67A9FABA2818C9EE00CEF1E2 /* ShopCellViewModel.swift in Sources */ = {isa = PBXBuildFile; fileRef = 67A9FAB92818C9EE00CEF1E2 /* ShopCellViewModel.swift */; };
		67C713CE283024DE0024C175 /* EmptyView.swift in Sources */ = {isa = PBXBuildFile; fileRef = 67C713CD283024DE0024C175 /* EmptyView.swift */; };
		67C713D028302A630024C175 /* DummyQuotes.swift in Sources */ = {isa = PBXBuildFile; fileRef = 67C713CF28302A630024C175 /* DummyQuotes.swift */; };
		67C713D2283036B80024C175 /* RoundedButton.swift in Sources */ = {isa = PBXBuildFile; fileRef = 67C713D1283036B80024C175 /* RoundedButton.swift */; };
		67C713D5283039520024C175 /* SDWebImage in Frameworks */ = {isa = PBXBuildFile; productRef = 67C713D4283039520024C175 /* SDWebImage */; };
		67CD60E9281DA59E000BEEC4 /* ShopsFilterViewController.swift in Sources */ = {isa = PBXBuildFile; fileRef = 67CD60E8281DA59E000BEEC4 /* ShopsFilterViewController.swift */; };
		67CD60EB281DB828000BEEC4 /* ShopsFilterViewModel.swift in Sources */ = {isa = PBXBuildFile; fileRef = 67CD60EA281DB828000BEEC4 /* ShopsFilterViewModel.swift */; };
		67CD60ED281DBB0D000BEEC4 /* ShopsViewModel.swift in Sources */ = {isa = PBXBuildFile; fileRef = 67CD60EC281DBB0D000BEEC4 /* ShopsViewModel.swift */; };
		67CD60EF281DC1EB000BEEC4 /* LabelCollectionViewCell.swift in Sources */ = {isa = PBXBuildFile; fileRef = 67CD60EE281DC1EB000BEEC4 /* LabelCollectionViewCell.swift */; };
		67CD60F1281DD5C3000BEEC4 /* UIColor+Utils.swift in Sources */ = {isa = PBXBuildFile; fileRef = 67CD60F0281DD5C3000BEEC4 /* UIColor+Utils.swift */; };
		67D98C712839566D006BCC6E /* NewsCollectionViewCell.swift in Sources */ = {isa = PBXBuildFile; fileRef = 67D98C702839566D006BCC6E /* NewsCollectionViewCell.swift */; };
		67D98C75283968AD006BCC6E /* NewsDetailViewController.swift in Sources */ = {isa = PBXBuildFile; fileRef = 67D98C74283968AD006BCC6E /* NewsDetailViewController.swift */; };
		67D98C7828396BAF006BCC6E /* NewsDetailView.swift in Sources */ = {isa = PBXBuildFile; fileRef = 67D98C7728396BAF006BCC6E /* NewsDetailView.swift */; };
		67D98CBD28396FDF006BCC6E /* Markdownosaur.swift in Sources */ = {isa = PBXBuildFile; fileRef = 67D98CBC28396FDF006BCC6E /* Markdownosaur.swift */; };
		67D98CC02839701A006BCC6E /* Markdown in Frameworks */ = {isa = PBXBuildFile; productRef = 67D98CBF2839701A006BCC6E /* Markdown */; };
		67D98CC228397744006BCC6E /* RemoteTextAttachment.swift in Sources */ = {isa = PBXBuildFile; fileRef = 67D98CC128397744006BCC6E /* RemoteTextAttachment.swift */; };
		67D98CC4283980F1006BCC6E /* NewsDetailViewModel.swift in Sources */ = {isa = PBXBuildFile; fileRef = 67D98CC3283980F1006BCC6E /* NewsDetailViewModel.swift */; };
		67DA2DB02836FC3F008886CC /* Roaster.swift in Sources */ = {isa = PBXBuildFile; fileRef = 67DA2DAF2836FC3F008886CC /* Roaster.swift */; };
		67DA2DB22836FEF5008886CC /* SymbolsHelper.swift in Sources */ = {isa = PBXBuildFile; fileRef = 67DA2DB12836FEF5008886CC /* SymbolsHelper.swift */; };
		67DA2DB42837043C008886CC /* RoasterDetailViewController.swift in Sources */ = {isa = PBXBuildFile; fileRef = 67DA2DB32837043C008886CC /* RoasterDetailViewController.swift */; };
		67DA2DB728370450008886CC /* RoasterDetailView.swift in Sources */ = {isa = PBXBuildFile; fileRef = 67DA2DB628370450008886CC /* RoasterDetailView.swift */; };
		67DA2DB928370459008886CC /* RoasterDetailViewModel.swift in Sources */ = {isa = PBXBuildFile; fileRef = 67DA2DB828370459008886CC /* RoasterDetailViewModel.swift */; };
		67DA2DC328373858008886CC /* NSAttributedText+Symbol.swift in Sources */ = {isa = PBXBuildFile; fileRef = 67DA2DC228373858008886CC /* NSAttributedText+Symbol.swift */; };
		67DA2DC528373B15008886CC /* UIButton+Styles.swift in Sources */ = {isa = PBXBuildFile; fileRef = 67DA2DC428373B15008886CC /* UIButton+Styles.swift */; };
		67DA2DC728373C3D008886CC /* ShopCollectionViewLayout.swift in Sources */ = {isa = PBXBuildFile; fileRef = 67DA2DC628373C3D008886CC /* ShopCollectionViewLayout.swift */; };
		67DA2DC928375092008886CC /* RoasterHeaderView.swift in Sources */ = {isa = PBXBuildFile; fileRef = 67DA2DC828375092008886CC /* RoasterHeaderView.swift */; };
		67E2281928147E1F0083D9EF /* AppDelegate.swift in Sources */ = {isa = PBXBuildFile; fileRef = 67E2281828147E1F0083D9EF /* AppDelegate.swift */; };
		67E2281B28147E1F0083D9EF /* SceneDelegate.swift in Sources */ = {isa = PBXBuildFile; fileRef = 67E2281A28147E1F0083D9EF /* SceneDelegate.swift */; };
		67E2281D28147E1F0083D9EF /* ShopsViewController.swift in Sources */ = {isa = PBXBuildFile; fileRef = 67E2281C28147E1F0083D9EF /* ShopsViewController.swift */; };
		67E2282228147E1F0083D9EF /* Assets.xcassets in Resources */ = {isa = PBXBuildFile; fileRef = 67E2282128147E1F0083D9EF /* Assets.xcassets */; };
		67E2282528147E1F0083D9EF /* LaunchScreen.storyboard in Resources */ = {isa = PBXBuildFile; fileRef = 67E2282328147E1F0083D9EF /* LaunchScreen.storyboard */; };
		67E2283028147E1F0083D9EF /* FecappTests.swift in Sources */ = {isa = PBXBuildFile; fileRef = 67E2282F28147E1F0083D9EF /* FecappTests.swift */; };
		67E2283A28147E1F0083D9EF /* FecappUITests.swift in Sources */ = {isa = PBXBuildFile; fileRef = 67E2283928147E1F0083D9EF /* FecappUITests.swift */; };
		67E2283C28147E1F0083D9EF /* FecappUITestsLaunchTests.swift in Sources */ = {isa = PBXBuildFile; fileRef = 67E2283B28147E1F0083D9EF /* FecappUITestsLaunchTests.swift */; };
		67E2284928147E550083D9EF /* Shop.swift in Sources */ = {isa = PBXBuildFile; fileRef = 67E2284828147E550083D9EF /* Shop.swift */; };
/* End PBXBuildFile section */

/* Begin PBXContainerItemProxy section */
		67E2282C28147E1F0083D9EF /* PBXContainerItemProxy */ = {
			isa = PBXContainerItemProxy;
			containerPortal = 67E2280D28147E1F0083D9EF /* Project object */;
			proxyType = 1;
			remoteGlobalIDString = 67E2281428147E1F0083D9EF;
			remoteInfo = Fecapp;
		};
		67E2283628147E1F0083D9EF /* PBXContainerItemProxy */ = {
			isa = PBXContainerItemProxy;
			containerPortal = 67E2280D28147E1F0083D9EF /* Project object */;
			proxyType = 1;
			remoteGlobalIDString = 67E2281428147E1F0083D9EF;
			remoteInfo = Fecapp;
		};
/* End PBXContainerItemProxy section */

/* Begin PBXFileReference section */
		6700F64B2829840500AB90BA /* LogService.swift */ = {isa = PBXFileReference; lastKnownFileType = sourcecode.swift; path = LogService.swift; sourceTree = "<group>"; };
		6700F64D282986CE00AB90BA /* LogServiceProtocol.swift */ = {isa = PBXFileReference; lastKnownFileType = sourcecode.swift; path = LogServiceProtocol.swift; sourceTree = "<group>"; };
		6700F65028298BBC00AB90BA /* LogFormatter.swift */ = {isa = PBXFileReference; lastKnownFileType = sourcecode.swift; path = LogFormatter.swift; sourceTree = "<group>"; };
		6700F65228298D4400AB90BA /* MessageLoggeable.swift */ = {isa = PBXFileReference; lastKnownFileType = sourcecode.swift; path = MessageLoggeable.swift; sourceTree = "<group>"; };
		6700F6542829A88800AB90BA /* MetadataLoggeable.swift */ = {isa = PBXFileReference; lastKnownFileType = sourcecode.swift; path = MetadataLoggeable.swift; sourceTree = "<group>"; };
		67177C7D2828616D001677E2 /* LocationOnboardingViewController.swift */ = {isa = PBXFileReference; lastKnownFileType = sourcecode.swift; path = LocationOnboardingViewController.swift; sourceTree = "<group>"; };
		67177C7F2828624C001677E2 /* LocationOnboardingView.swift */ = {isa = PBXFileReference; lastKnownFileType = sourcecode.swift; path = LocationOnboardingView.swift; sourceTree = "<group>"; };
		67177C812828743C001677E2 /* LocationOnboardingViewModel.swift */ = {isa = PBXFileReference; lastKnownFileType = sourcecode.swift; path = LocationOnboardingViewModel.swift; sourceTree = "<group>"; };
		67177C832828853B001677E2 /* LocationManager.swift */ = {isa = PBXFileReference; lastKnownFileType = sourcecode.swift; path = LocationManager.swift; sourceTree = "<group>"; };
		6741B679282B31F700EF6415 /* ShopsView.swift */ = {isa = PBXFileReference; lastKnownFileType = sourcecode.swift; path = ShopsView.swift; sourceTree = "<group>"; };
		6741B67B282B3C1700EF6415 /* MapViewController.swift */ = {isa = PBXFileReference; lastKnownFileType = sourcecode.swift; path = MapViewController.swift; sourceTree = "<group>"; };
		6741B67E282B3D2800EF6415 /* MapView.swift */ = {isa = PBXFileReference; lastKnownFileType = sourcecode.swift; path = MapView.swift; sourceTree = "<group>"; };
		6741B680282B3EA100EF6415 /* UIView+Layout.swift */ = {isa = PBXFileReference; lastKnownFileType = sourcecode.swift; path = "UIView+Layout.swift"; sourceTree = "<group>"; };
		6741B682282B3F3800EF6415 /* MapViewModel.swift */ = {isa = PBXFileReference; lastKnownFileType = sourcecode.swift; path = MapViewModel.swift; sourceTree = "<group>"; };
		6741B684282B47FB00EF6415 /* ShopMapAnnotation.swift */ = {isa = PBXFileReference; lastKnownFileType = sourcecode.swift; path = ShopMapAnnotation.swift; sourceTree = "<group>"; };
		6741B686282B4C4000EF6415 /* ShopDetailView.swift */ = {isa = PBXFileReference; lastKnownFileType = sourcecode.swift; path = ShopDetailView.swift; sourceTree = "<group>"; };
		6741B688282B557000EF6415 /* ShopsFilterView.swift */ = {isa = PBXFileReference; lastKnownFileType = sourcecode.swift; path = ShopsFilterView.swift; sourceTree = "<group>"; };
		67529102282B6DE5005E2A4E /* RoundedImageView.swift */ = {isa = PBXFileReference; lastKnownFileType = sourcecode.swift; path = RoundedImageView.swift; sourceTree = "<group>"; };
		676E29B428355F0000A94E07 /* MapItemSearch.swift */ = {isa = PBXFileReference; lastKnownFileType = sourcecode.swift; path = MapItemSearch.swift; sourceTree = "<group>"; };
		676E29B92835706500A94E07 /* UIButton+Configurations.swift */ = {isa = PBXFileReference; lastKnownFileType = sourcecode.swift; path = "UIButton+Configurations.swift"; sourceTree = "<group>"; };
		676E29BB2835733A00A94E07 /* ShopMenuViewController.swift */ = {isa = PBXFileReference; lastKnownFileType = sourcecode.swift; path = ShopMenuViewController.swift; sourceTree = "<group>"; };
		676E29BE2835764800A94E07 /* ShopMenuView.swift */ = {isa = PBXFileReference; lastKnownFileType = sourcecode.swift; path = ShopMenuView.swift; sourceTree = "<group>"; };
		676E29C02835784300A94E07 /* ShopMenuViewModel.swift */ = {isa = PBXFileReference; lastKnownFileType = sourcecode.swift; path = ShopMenuViewModel.swift; sourceTree = "<group>"; };
		676E29C228357B7C00A94E07 /* ShopDetail.swift */ = {isa = PBXFileReference; lastKnownFileType = sourcecode.swift; path = ShopDetail.swift; sourceTree = "<group>"; };
		676E29C428357BAA00A94E07 /* ShopMenuCategory.swift */ = {isa = PBXFileReference; lastKnownFileType = sourcecode.swift; path = ShopMenuCategory.swift; sourceTree = "<group>"; };
		676E29C628357C3800A94E07 /* ShopMenuItem.swift */ = {isa = PBXFileReference; lastKnownFileType = sourcecode.swift; path = ShopMenuItem.swift; sourceTree = "<group>"; };
		676E29C8283587E900A94E07 /* SectionReusableView.swift */ = {isa = PBXFileReference; lastKnownFileType = sourcecode.swift; path = SectionReusableView.swift; sourceTree = "<group>"; };
		67741CFF28386B1D0066D320 /* NewsViewController.swift */ = {isa = PBXFileReference; lastKnownFileType = sourcecode.swift; path = NewsViewController.swift; sourceTree = "<group>"; };
		67741D0328386E070066D320 /* InitialScreen.swift */ = {isa = PBXFileReference; lastKnownFileType = sourcecode.swift; path = InitialScreen.swift; sourceTree = "<group>"; };
		67741D05283873850066D320 /* NewsView.swift */ = {isa = PBXFileReference; lastKnownFileType = sourcecode.swift; path = NewsView.swift; sourceTree = "<group>"; };
		67741D07283874C50066D320 /* NewsViewModel.swift */ = {isa = PBXFileReference; lastKnownFileType = sourcecode.swift; path = NewsViewModel.swift; sourceTree = "<group>"; };
		67741D0D28389F110066D320 /* NewsDataSource.swift */ = {isa = PBXFileReference; lastKnownFileType = sourcecode.swift; path = NewsDataSource.swift; sourceTree = "<group>"; };
		67741D0F28389F680066D320 /* NewsSummary.swift */ = {isa = PBXFileReference; lastKnownFileType = sourcecode.swift; path = NewsSummary.swift; sourceTree = "<group>"; };
		679AEC3B2814C06100180CEF /* shop_mock.json */ = {isa = PBXFileReference; fileEncoding = 4; lastKnownFileType = text.json; path = shop_mock.json; sourceTree = "<group>"; };
		679AEC3D2814C07200180CEF /* ShopTests.swift */ = {isa = PBXFileReference; lastKnownFileType = sourcecode.swift; path = ShopTests.swift; sourceTree = "<group>"; };
		679AEC422814C6AF00180CEF /* ShopsDataSource.swift */ = {isa = PBXFileReference; lastKnownFileType = sourcecode.swift; path = ShopsDataSource.swift; sourceTree = "<group>"; };
		679AEC442814FB7400180CEF /* ShopCollectionViewCell.swift */ = {isa = PBXFileReference; lastKnownFileType = sourcecode.swift; path = ShopCollectionViewCell.swift; sourceTree = "<group>"; };
		679AEC4828161EA700180CEF /* ShopImage.swift */ = {isa = PBXFileReference; lastKnownFileType = sourcecode.swift; path = ShopImage.swift; sourceTree = "<group>"; };
		67A02284281DF912007987BE /* ShopDetailViewController.swift */ = {isa = PBXFileReference; lastKnownFileType = sourcecode.swift; path = ShopDetailViewController.swift; sourceTree = "<group>"; };
		67A02286281DF9CE007987BE /* ShopDetailViewModel.swift */ = {isa = PBXFileReference; lastKnownFileType = sourcecode.swift; path = ShopDetailViewModel.swift; sourceTree = "<group>"; };
		67A02288281DFDDD007987BE /* ShopHeadView.swift */ = {isa = PBXFileReference; lastKnownFileType = sourcecode.swift; path = ShopHeadView.swift; sourceTree = "<group>"; };
		67A0228A281E201B007987BE /* ShopCoordinates.swift */ = {isa = PBXFileReference; lastKnownFileType = sourcecode.swift; path = ShopCoordinates.swift; sourceTree = "<group>"; };
		67A0228C281E2B09007987BE /* UIFont+Styles.swift */ = {isa = PBXFileReference; lastKnownFileType = sourcecode.swift; path = "UIFont+Styles.swift"; sourceTree = "<group>"; };
		67A9FAB72818C84200CEF1E2 /* Neighborhood.swift */ = {isa = PBXFileReference; lastKnownFileType = sourcecode.swift; path = Neighborhood.swift; sourceTree = "<group>"; };
		67A9FAB92818C9EE00CEF1E2 /* ShopCellViewModel.swift */ = {isa = PBXFileReference; lastKnownFileType = sourcecode.swift; path = ShopCellViewModel.swift; sourceTree = "<group>"; };
		67C713CD283024DE0024C175 /* EmptyView.swift */ = {isa = PBXFileReference; lastKnownFileType = sourcecode.swift; path = EmptyView.swift; sourceTree = "<group>"; };
		67C713CF28302A630024C175 /* DummyQuotes.swift */ = {isa = PBXFileReference; lastKnownFileType = sourcecode.swift; path = DummyQuotes.swift; sourceTree = "<group>"; };
		67C713D1283036B80024C175 /* RoundedButton.swift */ = {isa = PBXFileReference; lastKnownFileType = sourcecode.swift; path = RoundedButton.swift; sourceTree = "<group>"; };
		67CD60E8281DA59E000BEEC4 /* ShopsFilterViewController.swift */ = {isa = PBXFileReference; lastKnownFileType = sourcecode.swift; path = ShopsFilterViewController.swift; sourceTree = "<group>"; };
		67CD60EA281DB828000BEEC4 /* ShopsFilterViewModel.swift */ = {isa = PBXFileReference; lastKnownFileType = sourcecode.swift; path = ShopsFilterViewModel.swift; sourceTree = "<group>"; };
		67CD60EC281DBB0D000BEEC4 /* ShopsViewModel.swift */ = {isa = PBXFileReference; lastKnownFileType = sourcecode.swift; path = ShopsViewModel.swift; sourceTree = "<group>"; };
		67CD60EE281DC1EB000BEEC4 /* LabelCollectionViewCell.swift */ = {isa = PBXFileReference; lastKnownFileType = sourcecode.swift; path = LabelCollectionViewCell.swift; sourceTree = "<group>"; };
		67CD60F0281DD5C3000BEEC4 /* UIColor+Utils.swift */ = {isa = PBXFileReference; lastKnownFileType = sourcecode.swift; path = "UIColor+Utils.swift"; sourceTree = "<group>"; };
		67D98C702839566D006BCC6E /* NewsCollectionViewCell.swift */ = {isa = PBXFileReference; lastKnownFileType = sourcecode.swift; path = NewsCollectionViewCell.swift; sourceTree = "<group>"; };
		67D98C74283968AD006BCC6E /* NewsDetailViewController.swift */ = {isa = PBXFileReference; lastKnownFileType = sourcecode.swift; path = NewsDetailViewController.swift; sourceTree = "<group>"; };
		67D98C7728396BAF006BCC6E /* NewsDetailView.swift */ = {isa = PBXFileReference; lastKnownFileType = sourcecode.swift; path = NewsDetailView.swift; sourceTree = "<group>"; };
		67D98CBC28396FDF006BCC6E /* Markdownosaur.swift */ = {isa = PBXFileReference; fileEncoding = 4; lastKnownFileType = sourcecode.swift; path = Markdownosaur.swift; sourceTree = "<group>"; };
		67D98CC128397744006BCC6E /* RemoteTextAttachment.swift */ = {isa = PBXFileReference; lastKnownFileType = sourcecode.swift; path = RemoteTextAttachment.swift; sourceTree = "<group>"; };
		67D98CC3283980F1006BCC6E /* NewsDetailViewModel.swift */ = {isa = PBXFileReference; lastKnownFileType = sourcecode.swift; path = NewsDetailViewModel.swift; sourceTree = "<group>"; };
		67DA2DAF2836FC3F008886CC /* Roaster.swift */ = {isa = PBXFileReference; lastKnownFileType = sourcecode.swift; path = Roaster.swift; sourceTree = "<group>"; };
		67DA2DB12836FEF5008886CC /* SymbolsHelper.swift */ = {isa = PBXFileReference; lastKnownFileType = sourcecode.swift; path = SymbolsHelper.swift; sourceTree = "<group>"; };
		67DA2DB32837043C008886CC /* RoasterDetailViewController.swift */ = {isa = PBXFileReference; lastKnownFileType = sourcecode.swift; path = RoasterDetailViewController.swift; sourceTree = "<group>"; };
		67DA2DB628370450008886CC /* RoasterDetailView.swift */ = {isa = PBXFileReference; lastKnownFileType = sourcecode.swift; path = RoasterDetailView.swift; sourceTree = "<group>"; };
		67DA2DB828370459008886CC /* RoasterDetailViewModel.swift */ = {isa = PBXFileReference; lastKnownFileType = sourcecode.swift; path = RoasterDetailViewModel.swift; sourceTree = "<group>"; };
		67DA2DC228373858008886CC /* NSAttributedText+Symbol.swift */ = {isa = PBXFileReference; lastKnownFileType = sourcecode.swift; path = "NSAttributedText+Symbol.swift"; sourceTree = "<group>"; };
		67DA2DC428373B15008886CC /* UIButton+Styles.swift */ = {isa = PBXFileReference; lastKnownFileType = sourcecode.swift; path = "UIButton+Styles.swift"; sourceTree = "<group>"; };
		67DA2DC628373C3D008886CC /* ShopCollectionViewLayout.swift */ = {isa = PBXFileReference; lastKnownFileType = sourcecode.swift; path = ShopCollectionViewLayout.swift; sourceTree = "<group>"; };
		67DA2DC828375092008886CC /* RoasterHeaderView.swift */ = {isa = PBXFileReference; lastKnownFileType = sourcecode.swift; path = RoasterHeaderView.swift; sourceTree = "<group>"; };
		67E2281528147E1F0083D9EF /* Fecapp.app */ = {isa = PBXFileReference; explicitFileType = wrapper.application; includeInIndex = 0; path = Fecapp.app; sourceTree = BUILT_PRODUCTS_DIR; };
		67E2281828147E1F0083D9EF /* AppDelegate.swift */ = {isa = PBXFileReference; lastKnownFileType = sourcecode.swift; path = AppDelegate.swift; sourceTree = "<group>"; };
		67E2281A28147E1F0083D9EF /* SceneDelegate.swift */ = {isa = PBXFileReference; lastKnownFileType = sourcecode.swift; path = SceneDelegate.swift; sourceTree = "<group>"; };
		67E2281C28147E1F0083D9EF /* ShopsViewController.swift */ = {isa = PBXFileReference; lastKnownFileType = sourcecode.swift; path = ShopsViewController.swift; sourceTree = "<group>"; };
		67E2282128147E1F0083D9EF /* Assets.xcassets */ = {isa = PBXFileReference; lastKnownFileType = folder.assetcatalog; path = Assets.xcassets; sourceTree = "<group>"; };
		67E2282428147E1F0083D9EF /* Base */ = {isa = PBXFileReference; lastKnownFileType = file.storyboard; name = Base; path = Base.lproj/LaunchScreen.storyboard; sourceTree = "<group>"; };
		67E2282628147E1F0083D9EF /* Info.plist */ = {isa = PBXFileReference; lastKnownFileType = text.plist.xml; path = Info.plist; sourceTree = "<group>"; };
		67E2282B28147E1F0083D9EF /* FecappTests.xctest */ = {isa = PBXFileReference; explicitFileType = wrapper.cfbundle; includeInIndex = 0; path = FecappTests.xctest; sourceTree = BUILT_PRODUCTS_DIR; };
		67E2282F28147E1F0083D9EF /* FecappTests.swift */ = {isa = PBXFileReference; lastKnownFileType = sourcecode.swift; path = FecappTests.swift; sourceTree = "<group>"; };
		67E2283528147E1F0083D9EF /* FecappUITests.xctest */ = {isa = PBXFileReference; explicitFileType = wrapper.cfbundle; includeInIndex = 0; path = FecappUITests.xctest; sourceTree = BUILT_PRODUCTS_DIR; };
		67E2283928147E1F0083D9EF /* FecappUITests.swift */ = {isa = PBXFileReference; lastKnownFileType = sourcecode.swift; path = FecappUITests.swift; sourceTree = "<group>"; };
		67E2283B28147E1F0083D9EF /* FecappUITestsLaunchTests.swift */ = {isa = PBXFileReference; lastKnownFileType = sourcecode.swift; path = FecappUITestsLaunchTests.swift; sourceTree = "<group>"; };
		67E2284828147E550083D9EF /* Shop.swift */ = {isa = PBXFileReference; lastKnownFileType = sourcecode.swift; path = Shop.swift; sourceTree = "<group>"; };
/* End PBXFileReference section */

/* Begin PBXFrameworksBuildPhase section */
		67E2281228147E1F0083D9EF /* Frameworks */ = {
			isa = PBXFrameworksBuildPhase;
			buildActionMask = 2147483647;
			files = (
				67C713D5283039520024C175 /* SDWebImage in Frameworks */,
				679AEC3A2814BE4700180CEF /* Pluma in Frameworks */,
				6700F64A282983C600AB90BA /* Puppy in Frameworks */,
				67D98CC02839701A006BCC6E /* Markdown in Frameworks */,
			);
			runOnlyForDeploymentPostprocessing = 0;
		};
		67E2282828147E1F0083D9EF /* Frameworks */ = {
			isa = PBXFrameworksBuildPhase;
			buildActionMask = 2147483647;
			files = (
			);
			runOnlyForDeploymentPostprocessing = 0;
		};
		67E2283228147E1F0083D9EF /* Frameworks */ = {
			isa = PBXFrameworksBuildPhase;
			buildActionMask = 2147483647;
			files = (
			);
			runOnlyForDeploymentPostprocessing = 0;
		};
/* End PBXFrameworksBuildPhase section */

/* Begin PBXGroup section */
		6700F64F282986EB00AB90BA /* Logger */ = {
			isa = PBXGroup;
			children = (
				6700F65228298D4400AB90BA /* MessageLoggeable.swift */,
				6700F6542829A88800AB90BA /* MetadataLoggeable.swift */,
				6700F64B2829840500AB90BA /* LogService.swift */,
				6700F65028298BBC00AB90BA /* LogFormatter.swift */,
				6700F64D282986CE00AB90BA /* LogServiceProtocol.swift */,
			);
			path = Logger;
			sourceTree = "<group>";
		};
		67177C7C28286110001677E2 /* LocationOnboarding */ = {
			isa = PBXGroup;
			children = (
				67177C7D2828616D001677E2 /* LocationOnboardingViewController.swift */,
				67177C812828743C001677E2 /* LocationOnboardingViewModel.swift */,
				67177C7F2828624C001677E2 /* LocationOnboardingView.swift */,
			);
			path = LocationOnboarding;
			sourceTree = "<group>";
		};
		6741B67D282B3C1C00EF6415 /* Map */ = {
			isa = PBXGroup;
			children = (
				6741B67B282B3C1700EF6415 /* MapViewController.swift */,
				6741B67E282B3D2800EF6415 /* MapView.swift */,
				6741B682282B3F3800EF6415 /* MapViewModel.swift */,
				6741B684282B47FB00EF6415 /* ShopMapAnnotation.swift */,
			);
			path = Map;
			sourceTree = "<group>";
		};
		67529104282B6E06005E2A4E /* UI */ = {
			isa = PBXGroup;
			children = (
				67C713CD283024DE0024C175 /* EmptyView.swift */,
				67C713D1283036B80024C175 /* RoundedButton.swift */,
				67529102282B6DE5005E2A4E /* RoundedImageView.swift */,
				676E29C8283587E900A94E07 /* SectionReusableView.swift */,
				67DA2DC628373C3D008886CC /* ShopCollectionViewLayout.swift */,
			);
			path = UI;
			sourceTree = "<group>";
		};
		676E29B62835649200A94E07 /* Helpers */ = {
			isa = PBXGroup;
			children = (
				676E29B428355F0000A94E07 /* MapItemSearch.swift */,
				67DA2DB12836FEF5008886CC /* SymbolsHelper.swift */,
			);
			path = Helpers;
			sourceTree = "<group>";
		};
		676E29BD2835762C00A94E07 /* ShopMenu */ = {
			isa = PBXGroup;
			children = (
				676E29BB2835733A00A94E07 /* ShopMenuViewController.swift */,
				676E29BE2835764800A94E07 /* ShopMenuView.swift */,
				676E29C02835784300A94E07 /* ShopMenuViewModel.swift */,
			);
			path = ShopMenu;
			sourceTree = "<group>";
		};
		67741D0128386B270066D320 /* News */ = {
			isa = PBXGroup;
			children = (
				67741CFF28386B1D0066D320 /* NewsViewController.swift */,
				67741D05283873850066D320 /* NewsView.swift */,
				67741D07283874C50066D320 /* NewsViewModel.swift */,
				67741D0D28389F110066D320 /* NewsDataSource.swift */,
				67D98C702839566D006BCC6E /* NewsCollectionViewCell.swift */,
			);
			path = News;
			sourceTree = "<group>";
		};
		67741D0228386BF10066D320 /* Services */ = {
			isa = PBXGroup;
			children = (
				67177C832828853B001677E2 /* LocationManager.swift */,
			);
			path = Services;
			sourceTree = "<group>";
		};
		67A02283281DF906007987BE /* ShopDetail */ = {
			isa = PBXGroup;
			children = (
				67A02284281DF912007987BE /* ShopDetailViewController.swift */,
				67A02286281DF9CE007987BE /* ShopDetailViewModel.swift */,
				6741B686282B4C4000EF6415 /* ShopDetailView.swift */,
				67A02288281DFDDD007987BE /* ShopHeadView.swift */,
			);
			path = ShopDetail;
			sourceTree = "<group>";
		};
		67A9FAB42818B3E200CEF1E2 /* Models */ = {
			isa = PBXGroup;
			children = (
				67C713CF28302A630024C175 /* DummyQuotes.swift */,
				67A9FAB72818C84200CEF1E2 /* Neighborhood.swift */,
				67741D0F28389F680066D320 /* NewsSummary.swift */,
				67DA2DAF2836FC3F008886CC /* Roaster.swift */,
				67E2284828147E550083D9EF /* Shop.swift */,
				67A0228A281E201B007987BE /* ShopCoordinates.swift */,
				676E29C228357B7C00A94E07 /* ShopDetail.swift */,
				679AEC4828161EA700180CEF /* ShopImage.swift */,
				676E29C428357BAA00A94E07 /* ShopMenuCategory.swift */,
				676E29C628357C3800A94E07 /* ShopMenuItem.swift */,
				679AEC422814C6AF00180CEF /* ShopsDataSource.swift */,
			);
			path = Models;
			sourceTree = "<group>";
		};
		67A9FAB52818B3ED00CEF1E2 /* Extensions */ = {
			isa = PBXGroup;
			children = (
				67DA2DC228373858008886CC /* NSAttributedText+Symbol.swift */,
				676E29B92835706500A94E07 /* UIButton+Configurations.swift */,
				67DA2DC428373B15008886CC /* UIButton+Styles.swift */,
				67CD60F0281DD5C3000BEEC4 /* UIColor+Utils.swift */,
				67A0228C281E2B09007987BE /* UIFont+Styles.swift */,
				6741B680282B3EA100EF6415 /* UIView+Layout.swift */,
			);
			path = Extensions;
			sourceTree = "<group>";
		};
		67A9FAB62818BD3B00CEF1E2 /* Shops */ = {
			isa = PBXGroup;
			children = (
				67E2281C28147E1F0083D9EF /* ShopsViewController.swift */,
				6741B679282B31F700EF6415 /* ShopsView.swift */,
				67CD60EC281DBB0D000BEEC4 /* ShopsViewModel.swift */,
				679AEC442814FB7400180CEF /* ShopCollectionViewCell.swift */,
				67A9FAB92818C9EE00CEF1E2 /* ShopCellViewModel.swift */,
			);
			path = Shops;
			sourceTree = "<group>";
		};
		67CD60E7281DA587000BEEC4 /* ShopsFilter */ = {
			isa = PBXGroup;
			children = (
				67CD60E8281DA59E000BEEC4 /* ShopsFilterViewController.swift */,
				6741B688282B557000EF6415 /* ShopsFilterView.swift */,
				67CD60EA281DB828000BEEC4 /* ShopsFilterViewModel.swift */,
				67CD60EE281DC1EB000BEEC4 /* LabelCollectionViewCell.swift */,
			);
			path = ShopsFilter;
			sourceTree = "<group>";
		};
		67D98C76283968B2006BCC6E /* NewsDetail */ = {
			isa = PBXGroup;
			children = (
				67D98C74283968AD006BCC6E /* NewsDetailViewController.swift */,
				67D98C7728396BAF006BCC6E /* NewsDetailView.swift */,
				67D98CC3283980F1006BCC6E /* NewsDetailViewModel.swift */,
			);
			path = NewsDetail;
			sourceTree = "<group>";
		};
		67D98CBE2839701A006BCC6E /* Frameworks */ = {
			isa = PBXGroup;
			children = (
			);
			name = Frameworks;
			sourceTree = "<group>";
		};
		67DA2DB528370441008886CC /* RoasterDetail */ = {
			isa = PBXGroup;
			children = (
				67DA2DB32837043C008886CC /* RoasterDetailViewController.swift */,
				67DA2DB628370450008886CC /* RoasterDetailView.swift */,
				67DA2DB828370459008886CC /* RoasterDetailViewModel.swift */,
				67DA2DC828375092008886CC /* RoasterHeaderView.swift */,
			);
			path = RoasterDetail;
			sourceTree = "<group>";
		};
		67E2280C28147E1F0083D9EF = {
			isa = PBXGroup;
			children = (
				67E2281728147E1F0083D9EF /* Fecapp */,
				67E2282E28147E1F0083D9EF /* FecappTests */,
				67E2283828147E1F0083D9EF /* FecappUITests */,
				67E2281628147E1F0083D9EF /* Products */,
				67D98CBE2839701A006BCC6E /* Frameworks */,
			);
			sourceTree = "<group>";
		};
		67E2281628147E1F0083D9EF /* Products */ = {
			isa = PBXGroup;
			children = (
				67E2281528147E1F0083D9EF /* Fecapp.app */,
				67E2282B28147E1F0083D9EF /* FecappTests.xctest */,
				67E2283528147E1F0083D9EF /* FecappUITests.xctest */,
			);
			name = Products;
			sourceTree = "<group>";
		};
		67E2281728147E1F0083D9EF /* Fecapp */ = {
			isa = PBXGroup;
			children = (
				67E2281828147E1F0083D9EF /* AppDelegate.swift */,
				67E2281A28147E1F0083D9EF /* SceneDelegate.swift */,
				67E2282128147E1F0083D9EF /* Assets.xcassets */,
				67741D0328386E070066D320 /* InitialScreen.swift */,
				67D98CBC28396FDF006BCC6E /* Markdownosaur.swift */,
				67D98CC128397744006BCC6E /* RemoteTextAttachment.swift */,
				67A9FAB52818B3ED00CEF1E2 /* Extensions */,
				676E29B62835649200A94E07 /* Helpers */,
				67E2282628147E1F0083D9EF /* Info.plist */,
				67E2282328147E1F0083D9EF /* LaunchScreen.storyboard */,
				67177C7C28286110001677E2 /* LocationOnboarding */,
				6700F64F282986EB00AB90BA /* Logger */,
				6741B67D282B3C1C00EF6415 /* Map */,
				67A9FAB42818B3E200CEF1E2 /* Models */,
				67741D0128386B270066D320 /* News */,
				67D98C76283968B2006BCC6E /* NewsDetail */,
				67741D0228386BF10066D320 /* Services */,
				67DA2DB528370441008886CC /* RoasterDetail */,
				67A02283281DF906007987BE /* ShopDetail */,
				676E29BD2835762C00A94E07 /* ShopMenu */,
				67A9FAB62818BD3B00CEF1E2 /* Shops */,
				67CD60E7281DA587000BEEC4 /* ShopsFilter */,
				67529104282B6E06005E2A4E /* UI */,
			);
			path = Fecapp;
			sourceTree = "<group>";
		};
		67E2282E28147E1F0083D9EF /* FecappTests */ = {
			isa = PBXGroup;
			children = (
				67E2282F28147E1F0083D9EF /* FecappTests.swift */,
				679AEC3D2814C07200180CEF /* ShopTests.swift */,
				679AEC3B2814C06100180CEF /* shop_mock.json */,
			);
			path = FecappTests;
			sourceTree = "<group>";
		};
		67E2283828147E1F0083D9EF /* FecappUITests */ = {
			isa = PBXGroup;
			children = (
				67E2283928147E1F0083D9EF /* FecappUITests.swift */,
				67E2283B28147E1F0083D9EF /* FecappUITestsLaunchTests.swift */,
			);
			path = FecappUITests;
			sourceTree = "<group>";
		};
/* End PBXGroup section */

/* Begin PBXNativeTarget section */
		67E2281428147E1F0083D9EF /* Fecapp */ = {
			isa = PBXNativeTarget;
			buildConfigurationList = 67E2283F28147E1F0083D9EF /* Build configuration list for PBXNativeTarget "Fecapp" */;
			buildPhases = (
				67E2281128147E1F0083D9EF /* Sources */,
				67E2281228147E1F0083D9EF /* Frameworks */,
				67E2281328147E1F0083D9EF /* Resources */,
				674CCC6E2835B82E00AE3C1C /* ShellScript */,
			);
			buildRules = (
			);
			dependencies = (
			);
			name = Fecapp;
			packageProductDependencies = (
				679AEC392814BE4700180CEF /* Pluma */,
				6700F649282983C600AB90BA /* Puppy */,
				67C713D4283039520024C175 /* SDWebImage */,
				67D98CBF2839701A006BCC6E /* Markdown */,
			);
			productName = Fecapp;
			productReference = 67E2281528147E1F0083D9EF /* Fecapp.app */;
			productType = "com.apple.product-type.application";
		};
		67E2282A28147E1F0083D9EF /* FecappTests */ = {
			isa = PBXNativeTarget;
			buildConfigurationList = 67E2284228147E1F0083D9EF /* Build configuration list for PBXNativeTarget "FecappTests" */;
			buildPhases = (
				67E2282728147E1F0083D9EF /* Sources */,
				67E2282828147E1F0083D9EF /* Frameworks */,
				67E2282928147E1F0083D9EF /* Resources */,
			);
			buildRules = (
			);
			dependencies = (
				67E2282D28147E1F0083D9EF /* PBXTargetDependency */,
			);
			name = FecappTests;
			productName = FecappTests;
			productReference = 67E2282B28147E1F0083D9EF /* FecappTests.xctest */;
			productType = "com.apple.product-type.bundle.unit-test";
		};
		67E2283428147E1F0083D9EF /* FecappUITests */ = {
			isa = PBXNativeTarget;
			buildConfigurationList = 67E2284528147E1F0083D9EF /* Build configuration list for PBXNativeTarget "FecappUITests" */;
			buildPhases = (
				67E2283128147E1F0083D9EF /* Sources */,
				67E2283228147E1F0083D9EF /* Frameworks */,
				67E2283328147E1F0083D9EF /* Resources */,
			);
			buildRules = (
			);
			dependencies = (
				67E2283728147E1F0083D9EF /* PBXTargetDependency */,
			);
			name = FecappUITests;
			productName = FecappUITests;
			productReference = 67E2283528147E1F0083D9EF /* FecappUITests.xctest */;
			productType = "com.apple.product-type.bundle.ui-testing";
		};
/* End PBXNativeTarget section */

/* Begin PBXProject section */
		67E2280D28147E1F0083D9EF /* Project object */ = {
			isa = PBXProject;
			attributes = {
				BuildIndependentTargetsInParallel = 1;
				LastSwiftUpdateCheck = 1330;
				LastUpgradeCheck = 1330;
				TargetAttributes = {
					67E2281428147E1F0083D9EF = {
						CreatedOnToolsVersion = 13.3;
					};
					67E2282A28147E1F0083D9EF = {
						CreatedOnToolsVersion = 13.3;
						TestTargetID = 67E2281428147E1F0083D9EF;
					};
					67E2283428147E1F0083D9EF = {
						CreatedOnToolsVersion = 13.3;
						TestTargetID = 67E2281428147E1F0083D9EF;
					};
				};
			};
			buildConfigurationList = 67E2281028147E1F0083D9EF /* Build configuration list for PBXProject "Fecapp" */;
			compatibilityVersion = "Xcode 13.0";
			developmentRegion = en;
			hasScannedForEncodings = 0;
			knownRegions = (
				en,
				Base,
			);
			mainGroup = 67E2280C28147E1F0083D9EF;
			packageReferences = (
				679AEC382814BE4700180CEF /* XCRemoteSwiftPackageReference "Pluma" */,
				6700F648282983C600AB90BA /* XCRemoteSwiftPackageReference "Puppy" */,
				67C713D3283039520024C175 /* XCRemoteSwiftPackageReference "SDWebImage" */,
				67D98CBB28396F68006BCC6E /* XCRemoteSwiftPackageReference "swift-markdown" */,
			);
			productRefGroup = 67E2281628147E1F0083D9EF /* Products */;
			projectDirPath = "";
			projectRoot = "";
			targets = (
				67E2281428147E1F0083D9EF /* Fecapp */,
				67E2282A28147E1F0083D9EF /* FecappTests */,
				67E2283428147E1F0083D9EF /* FecappUITests */,
			);
		};
/* End PBXProject section */

/* Begin PBXResourcesBuildPhase section */
		67E2281328147E1F0083D9EF /* Resources */ = {
			isa = PBXResourcesBuildPhase;
			buildActionMask = 2147483647;
			files = (
				67E2282528147E1F0083D9EF /* LaunchScreen.storyboard in Resources */,
				67E2282228147E1F0083D9EF /* Assets.xcassets in Resources */,
			);
			runOnlyForDeploymentPostprocessing = 0;
		};
		67E2282928147E1F0083D9EF /* Resources */ = {
			isa = PBXResourcesBuildPhase;
			buildActionMask = 2147483647;
			files = (
				679AEC3C2814C06100180CEF /* shop_mock.json in Resources */,
			);
			runOnlyForDeploymentPostprocessing = 0;
		};
		67E2283328147E1F0083D9EF /* Resources */ = {
			isa = PBXResourcesBuildPhase;
			buildActionMask = 2147483647;
			files = (
			);
			runOnlyForDeploymentPostprocessing = 0;
		};
/* End PBXResourcesBuildPhase section */

/* Begin PBXShellScriptBuildPhase section */
		674CCC6E2835B82E00AE3C1C /* ShellScript */ = {
			isa = PBXShellScriptBuildPhase;
			buildActionMask = 2147483647;
			files = (
			);
			inputFileListPaths = (
			);
			inputPaths = (
			);
			outputFileListPaths = (
			);
			outputPaths = (
			);
			runOnlyForDeploymentPostprocessing = 0;
			shellPath = /bin/sh;
			shellScript = "export PATH=\"$PATH:/opt/homebrew/bin\"\nif which swiftlint > /dev/null; then\n  swiftlint\nelse\n  echo \"warning: SwiftLint not installed, download from https://github.com/realm/SwiftLint\"\nfi\n";
		};
/* End PBXShellScriptBuildPhase section */

/* Begin PBXSourcesBuildPhase section */
		67E2281128147E1F0083D9EF /* Sources */ = {
			isa = PBXSourcesBuildPhase;
			buildActionMask = 2147483647;
			files = (
				6741B67C282B3C1700EF6415 /* MapViewController.swift in Sources */,
				67C713CE283024DE0024C175 /* EmptyView.swift in Sources */,
				6741B67F282B3D2800EF6415 /* MapView.swift in Sources */,
				676E29BF2835764800A94E07 /* ShopMenuView.swift in Sources */,
				67DA2DC928375092008886CC /* RoasterHeaderView.swift in Sources */,
				676E29C328357B7C00A94E07 /* ShopDetail.swift in Sources */,
				6741B67A282B31F700EF6415 /* ShopsView.swift in Sources */,
				67CD60F1281DD5C3000BEEC4 /* UIColor+Utils.swift in Sources */,
				67CD60ED281DBB0D000BEEC4 /* ShopsViewModel.swift in Sources */,
				6700F64E282986CE00AB90BA /* LogServiceProtocol.swift in Sources */,
				67D98C7828396BAF006BCC6E /* NewsDetailView.swift in Sources */,
				67177C822828743C001677E2 /* LocationOnboardingViewModel.swift in Sources */,
				679AEC452814FB7400180CEF /* ShopCollectionViewCell.swift in Sources */,
				676E29C728357C3800A94E07 /* ShopMenuItem.swift in Sources */,
				67C713D028302A630024C175 /* DummyQuotes.swift in Sources */,
				676E29C528357BAA00A94E07 /* ShopMenuCategory.swift in Sources */,
				67E2281D28147E1F0083D9EF /* ShopsViewController.swift in Sources */,
				676E29C9283587E900A94E07 /* SectionReusableView.swift in Sources */,
				67DA2DB928370459008886CC /* RoasterDetailViewModel.swift in Sources */,
				67177C7E2828616D001677E2 /* LocationOnboardingViewController.swift in Sources */,
				67DA2DC728373C3D008886CC /* ShopCollectionViewLayout.swift in Sources */,
				67A02287281DF9CE007987BE /* ShopDetailViewModel.swift in Sources */,
				67DA2DB728370450008886CC /* RoasterDetailView.swift in Sources */,
				67741D0428386E070066D320 /* InitialScreen.swift in Sources */,
				6700F65128298BBC00AB90BA /* LogFormatter.swift in Sources */,
				67DA2DB22836FEF5008886CC /* SymbolsHelper.swift in Sources */,
				67E2281928147E1F0083D9EF /* AppDelegate.swift in Sources */,
				67D98CC228397744006BCC6E /* RemoteTextAttachment.swift in Sources */,
				6741B683282B3F3800EF6415 /* MapViewModel.swift in Sources */,
				676E29B528355F0000A94E07 /* MapItemSearch.swift in Sources */,
				67A02285281DF912007987BE /* ShopDetailViewController.swift in Sources */,
				67D98C712839566D006BCC6E /* NewsCollectionViewCell.swift in Sources */,
				67A0228B281E201B007987BE /* ShopCoordinates.swift in Sources */,
				67A9FAB82818C84200CEF1E2 /* Neighborhood.swift in Sources */,
				67A02289281DFDDD007987BE /* ShopHeadView.swift in Sources */,
				6741B681282B3EA100EF6415 /* UIView+Layout.swift in Sources */,
				67E2281B28147E1F0083D9EF /* SceneDelegate.swift in Sources */,
				67177C802828624C001677E2 /* LocationOnboardingView.swift in Sources */,
				67D98C75283968AD006BCC6E /* NewsDetailViewController.swift in Sources */,
				676E29BA2835706500A94E07 /* UIButton+Configurations.swift in Sources */,
				67DA2DB02836FC3F008886CC /* Roaster.swift in Sources */,
				67741D1028389F680066D320 /* NewsSummary.swift in Sources */,
				67D98CC4283980F1006BCC6E /* NewsDetailViewModel.swift in Sources */,
				676E29BC2835733A00A94E07 /* ShopMenuViewController.swift in Sources */,
				6700F65328298D4400AB90BA /* MessageLoggeable.swift in Sources */,
				67C713D2283036B80024C175 /* RoundedButton.swift in Sources */,
				67A9FABA2818C9EE00CEF1E2 /* ShopCellViewModel.swift in Sources */,
				67741D08283874C50066D320 /* NewsViewModel.swift in Sources */,
				67CD60E9281DA59E000BEEC4 /* ShopsFilterViewController.swift in Sources */,
				67A0228D281E2B09007987BE /* UIFont+Styles.swift in Sources */,
				67CD60EF281DC1EB000BEEC4 /* LabelCollectionViewCell.swift in Sources */,
				67DA2DC528373B15008886CC /* UIButton+Styles.swift in Sources */,
				6741B687282B4C4000EF6415 /* ShopDetailView.swift in Sources */,
				67CD60EB281DB828000BEEC4 /* ShopsFilterViewModel.swift in Sources */,
				6700F64C2829840500AB90BA /* LogService.swift in Sources */,
				67741D0028386B1D0066D320 /* NewsViewController.swift in Sources */,
				6741B685282B47FB00EF6415 /* ShopMapAnnotation.swift in Sources */,
				6700F6552829A88800AB90BA /* MetadataLoggeable.swift in Sources */,
				67177C842828853B001677E2 /* LocationManager.swift in Sources */,
				67E2284928147E550083D9EF /* Shop.swift in Sources */,
				67741D0E28389F110066D320 /* NewsDataSource.swift in Sources */,
				67529103282B6DE5005E2A4E /* RoundedImageView.swift in Sources */,
				67741D06283873850066D320 /* NewsView.swift in Sources */,
				679AEC432814C6AF00180CEF /* ShopsDataSource.swift in Sources */,
				67D98CBD28396FDF006BCC6E /* Markdownosaur.swift in Sources */,
				676E29C12835784300A94E07 /* ShopMenuViewModel.swift in Sources */,
				679AEC4928161EA700180CEF /* ShopImage.swift in Sources */,
				67DA2DB42837043C008886CC /* RoasterDetailViewController.swift in Sources */,
				67DA2DC328373858008886CC /* NSAttributedText+Symbol.swift in Sources */,
				6741B689282B557000EF6415 /* ShopsFilterView.swift in Sources */,
			);
			runOnlyForDeploymentPostprocessing = 0;
		};
		67E2282728147E1F0083D9EF /* Sources */ = {
			isa = PBXSourcesBuildPhase;
			buildActionMask = 2147483647;
			files = (
				67E2283028147E1F0083D9EF /* FecappTests.swift in Sources */,
				679AEC3E2814C07200180CEF /* ShopTests.swift in Sources */,
			);
			runOnlyForDeploymentPostprocessing = 0;
		};
		67E2283128147E1F0083D9EF /* Sources */ = {
			isa = PBXSourcesBuildPhase;
			buildActionMask = 2147483647;
			files = (
				67E2283A28147E1F0083D9EF /* FecappUITests.swift in Sources */,
				67E2283C28147E1F0083D9EF /* FecappUITestsLaunchTests.swift in Sources */,
			);
			runOnlyForDeploymentPostprocessing = 0;
		};
/* End PBXSourcesBuildPhase section */

/* Begin PBXTargetDependency section */
		67E2282D28147E1F0083D9EF /* PBXTargetDependency */ = {
			isa = PBXTargetDependency;
			target = 67E2281428147E1F0083D9EF /* Fecapp */;
			targetProxy = 67E2282C28147E1F0083D9EF /* PBXContainerItemProxy */;
		};
		67E2283728147E1F0083D9EF /* PBXTargetDependency */ = {
			isa = PBXTargetDependency;
			target = 67E2281428147E1F0083D9EF /* Fecapp */;
			targetProxy = 67E2283628147E1F0083D9EF /* PBXContainerItemProxy */;
		};
/* End PBXTargetDependency section */

/* Begin PBXVariantGroup section */
		67E2282328147E1F0083D9EF /* LaunchScreen.storyboard */ = {
			isa = PBXVariantGroup;
			children = (
				67E2282428147E1F0083D9EF /* Base */,
			);
			name = LaunchScreen.storyboard;
			sourceTree = "<group>";
		};
/* End PBXVariantGroup section */

/* Begin XCBuildConfiguration section */
		67E2283D28147E1F0083D9EF /* Debug */ = {
			isa = XCBuildConfiguration;
			buildSettings = {
				ALWAYS_SEARCH_USER_PATHS = NO;
				CLANG_ANALYZER_NONNULL = YES;
				CLANG_ANALYZER_NUMBER_OBJECT_CONVERSION = YES_AGGRESSIVE;
				CLANG_CXX_LANGUAGE_STANDARD = "gnu++17";
				CLANG_ENABLE_MODULES = YES;
				CLANG_ENABLE_OBJC_ARC = YES;
				CLANG_ENABLE_OBJC_WEAK = YES;
				CLANG_WARN_BLOCK_CAPTURE_AUTORELEASING = YES;
				CLANG_WARN_BOOL_CONVERSION = YES;
				CLANG_WARN_COMMA = YES;
				CLANG_WARN_CONSTANT_CONVERSION = YES;
				CLANG_WARN_DEPRECATED_OBJC_IMPLEMENTATIONS = YES;
				CLANG_WARN_DIRECT_OBJC_ISA_USAGE = YES_ERROR;
				CLANG_WARN_DOCUMENTATION_COMMENTS = YES;
				CLANG_WARN_EMPTY_BODY = YES;
				CLANG_WARN_ENUM_CONVERSION = YES;
				CLANG_WARN_INFINITE_RECURSION = YES;
				CLANG_WARN_INT_CONVERSION = YES;
				CLANG_WARN_NON_LITERAL_NULL_CONVERSION = YES;
				CLANG_WARN_OBJC_IMPLICIT_RETAIN_SELF = YES;
				CLANG_WARN_OBJC_LITERAL_CONVERSION = YES;
				CLANG_WARN_OBJC_ROOT_CLASS = YES_ERROR;
				CLANG_WARN_QUOTED_INCLUDE_IN_FRAMEWORK_HEADER = YES;
				CLANG_WARN_RANGE_LOOP_ANALYSIS = YES;
				CLANG_WARN_STRICT_PROTOTYPES = YES;
				CLANG_WARN_SUSPICIOUS_MOVE = YES;
				CLANG_WARN_UNGUARDED_AVAILABILITY = YES_AGGRESSIVE;
				CLANG_WARN_UNREACHABLE_CODE = YES;
				CLANG_WARN__DUPLICATE_METHOD_MATCH = YES;
				COPY_PHASE_STRIP = NO;
				DEBUG_INFORMATION_FORMAT = dwarf;
				ENABLE_STRICT_OBJC_MSGSEND = YES;
				ENABLE_TESTABILITY = YES;
				GCC_C_LANGUAGE_STANDARD = gnu11;
				GCC_DYNAMIC_NO_PIC = NO;
				GCC_NO_COMMON_BLOCKS = YES;
				GCC_OPTIMIZATION_LEVEL = 0;
				GCC_PREPROCESSOR_DEFINITIONS = (
					"DEBUG=1",
					"$(inherited)",
				);
				GCC_WARN_64_TO_32_BIT_CONVERSION = YES;
				GCC_WARN_ABOUT_RETURN_TYPE = YES_ERROR;
				GCC_WARN_UNDECLARED_SELECTOR = YES;
				GCC_WARN_UNINITIALIZED_AUTOS = YES_AGGRESSIVE;
				GCC_WARN_UNUSED_FUNCTION = YES;
				GCC_WARN_UNUSED_VARIABLE = YES;
				IPHONEOS_DEPLOYMENT_TARGET = 15.0;
				MTL_ENABLE_DEBUG_INFO = INCLUDE_SOURCE;
				MTL_FAST_MATH = YES;
				ONLY_ACTIVE_ARCH = YES;
				SDKROOT = iphoneos;
				SWIFT_ACTIVE_COMPILATION_CONDITIONS = DEBUG;
				SWIFT_OPTIMIZATION_LEVEL = "-Onone";
			};
			name = Debug;
		};
		67E2283E28147E1F0083D9EF /* Release */ = {
			isa = XCBuildConfiguration;
			buildSettings = {
				ALWAYS_SEARCH_USER_PATHS = NO;
				CLANG_ANALYZER_NONNULL = YES;
				CLANG_ANALYZER_NUMBER_OBJECT_CONVERSION = YES_AGGRESSIVE;
				CLANG_CXX_LANGUAGE_STANDARD = "gnu++17";
				CLANG_ENABLE_MODULES = YES;
				CLANG_ENABLE_OBJC_ARC = YES;
				CLANG_ENABLE_OBJC_WEAK = YES;
				CLANG_WARN_BLOCK_CAPTURE_AUTORELEASING = YES;
				CLANG_WARN_BOOL_CONVERSION = YES;
				CLANG_WARN_COMMA = YES;
				CLANG_WARN_CONSTANT_CONVERSION = YES;
				CLANG_WARN_DEPRECATED_OBJC_IMPLEMENTATIONS = YES;
				CLANG_WARN_DIRECT_OBJC_ISA_USAGE = YES_ERROR;
				CLANG_WARN_DOCUMENTATION_COMMENTS = YES;
				CLANG_WARN_EMPTY_BODY = YES;
				CLANG_WARN_ENUM_CONVERSION = YES;
				CLANG_WARN_INFINITE_RECURSION = YES;
				CLANG_WARN_INT_CONVERSION = YES;
				CLANG_WARN_NON_LITERAL_NULL_CONVERSION = YES;
				CLANG_WARN_OBJC_IMPLICIT_RETAIN_SELF = YES;
				CLANG_WARN_OBJC_LITERAL_CONVERSION = YES;
				CLANG_WARN_OBJC_ROOT_CLASS = YES_ERROR;
				CLANG_WARN_QUOTED_INCLUDE_IN_FRAMEWORK_HEADER = YES;
				CLANG_WARN_RANGE_LOOP_ANALYSIS = YES;
				CLANG_WARN_STRICT_PROTOTYPES = YES;
				CLANG_WARN_SUSPICIOUS_MOVE = YES;
				CLANG_WARN_UNGUARDED_AVAILABILITY = YES_AGGRESSIVE;
				CLANG_WARN_UNREACHABLE_CODE = YES;
				CLANG_WARN__DUPLICATE_METHOD_MATCH = YES;
				COPY_PHASE_STRIP = NO;
				DEBUG_INFORMATION_FORMAT = "dwarf-with-dsym";
				ENABLE_NS_ASSERTIONS = NO;
				ENABLE_STRICT_OBJC_MSGSEND = YES;
				GCC_C_LANGUAGE_STANDARD = gnu11;
				GCC_NO_COMMON_BLOCKS = YES;
				GCC_WARN_64_TO_32_BIT_CONVERSION = YES;
				GCC_WARN_ABOUT_RETURN_TYPE = YES_ERROR;
				GCC_WARN_UNDECLARED_SELECTOR = YES;
				GCC_WARN_UNINITIALIZED_AUTOS = YES_AGGRESSIVE;
				GCC_WARN_UNUSED_FUNCTION = YES;
				GCC_WARN_UNUSED_VARIABLE = YES;
				IPHONEOS_DEPLOYMENT_TARGET = 15.0;
				MTL_ENABLE_DEBUG_INFO = NO;
				MTL_FAST_MATH = YES;
				SDKROOT = iphoneos;
				SWIFT_COMPILATION_MODE = wholemodule;
				SWIFT_OPTIMIZATION_LEVEL = "-O";
				VALIDATE_PRODUCT = YES;
			};
			name = Release;
		};
		67E2284028147E1F0083D9EF /* Debug */ = {
			isa = XCBuildConfiguration;
			buildSettings = {
				ASSETCATALOG_COMPILER_APPICON_NAME = AppIcon;
				ASSETCATALOG_COMPILER_GLOBAL_ACCENT_COLOR_NAME = AccentColor;
				CODE_SIGN_STYLE = Automatic;
				CURRENT_PROJECT_VERSION = 1;
				DEVELOPMENT_TEAM = WUJDMCZJWL;
				GENERATE_INFOPLIST_FILE = YES;
				INFOPLIST_FILE = Fecapp/Info.plist;
				INFOPLIST_KEY_NSLocationAlwaysAndWhenInUseUsageDescription = "Para mostrarte cafeterías cerca tuyo, necesitamos saber dónde estás. (2)";
				INFOPLIST_KEY_NSLocationWhenInUseUsageDescription = "Para mostrarte cafeterías cerca tuyo, necesitamos saber dónde estás.";
				INFOPLIST_KEY_UIApplicationSupportsIndirectInputEvents = YES;
				INFOPLIST_KEY_UILaunchStoryboardName = LaunchScreen;
				INFOPLIST_KEY_UISupportedInterfaceOrientations_iPad = "UIInterfaceOrientationPortrait UIInterfaceOrientationPortraitUpsideDown UIInterfaceOrientationLandscapeLeft UIInterfaceOrientationLandscapeRight";
				INFOPLIST_KEY_UISupportedInterfaceOrientations_iPhone = "UIInterfaceOrientationPortrait UIInterfaceOrientationLandscapeLeft UIInterfaceOrientationLandscapeRight";
				LD_RUNPATH_SEARCH_PATHS = (
					"$(inherited)",
					"@executable_path/Frameworks",
				);
				MARKETING_VERSION = 1.0.1;
				PRODUCT_BUNDLE_IDENTIFIER = com.betzerra.coffee;
				PRODUCT_NAME = "$(TARGET_NAME)";
				SWIFT_EMIT_LOC_STRINGS = YES;
				SWIFT_VERSION = 5.0;
				TARGETED_DEVICE_FAMILY = "1,2";
			};
			name = Debug;
		};
		67E2284128147E1F0083D9EF /* Release */ = {
			isa = XCBuildConfiguration;
			buildSettings = {
				ASSETCATALOG_COMPILER_APPICON_NAME = AppIcon;
				ASSETCATALOG_COMPILER_GLOBAL_ACCENT_COLOR_NAME = AccentColor;
				CODE_SIGN_STYLE = Automatic;
				CURRENT_PROJECT_VERSION = 1;
				DEVELOPMENT_TEAM = WUJDMCZJWL;
				GENERATE_INFOPLIST_FILE = YES;
				INFOPLIST_FILE = Fecapp/Info.plist;
				INFOPLIST_KEY_NSLocationAlwaysAndWhenInUseUsageDescription = "Para mostrarte cafeterías cerca tuyo, necesitamos saber dónde estás. (2)";
				INFOPLIST_KEY_NSLocationWhenInUseUsageDescription = "Para mostrarte cafeterías cerca tuyo, necesitamos saber dónde estás.";
				INFOPLIST_KEY_UIApplicationSupportsIndirectInputEvents = YES;
				INFOPLIST_KEY_UILaunchStoryboardName = LaunchScreen;
				INFOPLIST_KEY_UISupportedInterfaceOrientations_iPad = "UIInterfaceOrientationPortrait UIInterfaceOrientationPortraitUpsideDown UIInterfaceOrientationLandscapeLeft UIInterfaceOrientationLandscapeRight";
				INFOPLIST_KEY_UISupportedInterfaceOrientations_iPhone = "UIInterfaceOrientationPortrait UIInterfaceOrientationLandscapeLeft UIInterfaceOrientationLandscapeRight";
				LD_RUNPATH_SEARCH_PATHS = (
					"$(inherited)",
					"@executable_path/Frameworks",
				);
				MARKETING_VERSION = 1.0.1;
				PRODUCT_BUNDLE_IDENTIFIER = com.betzerra.coffee;
				PRODUCT_NAME = "$(TARGET_NAME)";
				SWIFT_EMIT_LOC_STRINGS = YES;
				SWIFT_VERSION = 5.0;
				TARGETED_DEVICE_FAMILY = "1,2";
			};
			name = Release;
		};
		67E2284328147E1F0083D9EF /* Debug */ = {
			isa = XCBuildConfiguration;
			buildSettings = {
				ALWAYS_EMBED_SWIFT_STANDARD_LIBRARIES = YES;
				BUNDLE_LOADER = "$(TEST_HOST)";
				CODE_SIGN_STYLE = Automatic;
				CURRENT_PROJECT_VERSION = 1;
				DEVELOPMENT_TEAM = WUJDMCZJWL;
				GENERATE_INFOPLIST_FILE = YES;
				IPHONEOS_DEPLOYMENT_TARGET = 15.4;
				MARKETING_VERSION = 1.0;
				PRODUCT_BUNDLE_IDENTIFIER = com.betzerra.FecappTests;
				PRODUCT_NAME = "$(TARGET_NAME)";
				SWIFT_EMIT_LOC_STRINGS = NO;
				SWIFT_VERSION = 5.0;
				TARGETED_DEVICE_FAMILY = "1,2";
				TEST_HOST = "$(BUILT_PRODUCTS_DIR)/Fecapp.app/Fecapp";
			};
			name = Debug;
		};
		67E2284428147E1F0083D9EF /* Release */ = {
			isa = XCBuildConfiguration;
			buildSettings = {
				ALWAYS_EMBED_SWIFT_STANDARD_LIBRARIES = YES;
				BUNDLE_LOADER = "$(TEST_HOST)";
				CODE_SIGN_STYLE = Automatic;
				CURRENT_PROJECT_VERSION = 1;
				DEVELOPMENT_TEAM = WUJDMCZJWL;
				GENERATE_INFOPLIST_FILE = YES;
				IPHONEOS_DEPLOYMENT_TARGET = 15.4;
				MARKETING_VERSION = 1.0;
				PRODUCT_BUNDLE_IDENTIFIER = com.betzerra.FecappTests;
				PRODUCT_NAME = "$(TARGET_NAME)";
				SWIFT_EMIT_LOC_STRINGS = NO;
				SWIFT_VERSION = 5.0;
				TARGETED_DEVICE_FAMILY = "1,2";
				TEST_HOST = "$(BUILT_PRODUCTS_DIR)/Fecapp.app/Fecapp";
			};
			name = Release;
		};
		67E2284628147E1F0083D9EF /* Debug */ = {
			isa = XCBuildConfiguration;
			buildSettings = {
				ALWAYS_EMBED_SWIFT_STANDARD_LIBRARIES = YES;
				CODE_SIGN_STYLE = Automatic;
				CURRENT_PROJECT_VERSION = 1;
				DEVELOPMENT_TEAM = WUJDMCZJWL;
				GENERATE_INFOPLIST_FILE = YES;
				MARKETING_VERSION = 1.0;
				PRODUCT_BUNDLE_IDENTIFIER = com.betzerra.FecappUITests;
				PRODUCT_NAME = "$(TARGET_NAME)";
				SWIFT_EMIT_LOC_STRINGS = NO;
				SWIFT_VERSION = 5.0;
				TARGETED_DEVICE_FAMILY = "1,2";
				TEST_TARGET_NAME = Fecapp;
			};
			name = Debug;
		};
		67E2284728147E1F0083D9EF /* Release */ = {
			isa = XCBuildConfiguration;
			buildSettings = {
				ALWAYS_EMBED_SWIFT_STANDARD_LIBRARIES = YES;
				CODE_SIGN_STYLE = Automatic;
				CURRENT_PROJECT_VERSION = 1;
				DEVELOPMENT_TEAM = WUJDMCZJWL;
				GENERATE_INFOPLIST_FILE = YES;
				MARKETING_VERSION = 1.0;
				PRODUCT_BUNDLE_IDENTIFIER = com.betzerra.FecappUITests;
				PRODUCT_NAME = "$(TARGET_NAME)";
				SWIFT_EMIT_LOC_STRINGS = NO;
				SWIFT_VERSION = 5.0;
				TARGETED_DEVICE_FAMILY = "1,2";
				TEST_TARGET_NAME = Fecapp;
			};
			name = Release;
		};
/* End XCBuildConfiguration section */

/* Begin XCConfigurationList section */
		67E2281028147E1F0083D9EF /* Build configuration list for PBXProject "Fecapp" */ = {
			isa = XCConfigurationList;
			buildConfigurations = (
				67E2283D28147E1F0083D9EF /* Debug */,
				67E2283E28147E1F0083D9EF /* Release */,
			);
			defaultConfigurationIsVisible = 0;
			defaultConfigurationName = Release;
		};
		67E2283F28147E1F0083D9EF /* Build configuration list for PBXNativeTarget "Fecapp" */ = {
			isa = XCConfigurationList;
			buildConfigurations = (
				67E2284028147E1F0083D9EF /* Debug */,
				67E2284128147E1F0083D9EF /* Release */,
			);
			defaultConfigurationIsVisible = 0;
			defaultConfigurationName = Release;
		};
		67E2284228147E1F0083D9EF /* Build configuration list for PBXNativeTarget "FecappTests" */ = {
			isa = XCConfigurationList;
			buildConfigurations = (
				67E2284328147E1F0083D9EF /* Debug */,
				67E2284428147E1F0083D9EF /* Release */,
			);
			defaultConfigurationIsVisible = 0;
			defaultConfigurationName = Release;
		};
		67E2284528147E1F0083D9EF /* Build configuration list for PBXNativeTarget "FecappUITests" */ = {
			isa = XCConfigurationList;
			buildConfigurations = (
				67E2284628147E1F0083D9EF /* Debug */,
				67E2284728147E1F0083D9EF /* Release */,
			);
			defaultConfigurationIsVisible = 0;
			defaultConfigurationName = Release;
		};
/* End XCConfigurationList section */

/* Begin XCRemoteSwiftPackageReference section */
		6700F648282983C600AB90BA /* XCRemoteSwiftPackageReference "Puppy" */ = {
			isa = XCRemoteSwiftPackageReference;
			repositoryURL = "git@github.com:sushichop/Puppy.git";
			requirement = {
				kind = upToNextMajorVersion;
				minimumVersion = 0.5.0;
			};
		};
		679AEC382814BE4700180CEF /* XCRemoteSwiftPackageReference "Pluma" */ = {
			isa = XCRemoteSwiftPackageReference;
			repositoryURL = "git@github.com:betzerra/Pluma.git";
			requirement = {
				branch = main;
				kind = branch;
			};
		};
		67C713D3283039520024C175 /* XCRemoteSwiftPackageReference "SDWebImage" */ = {
			isa = XCRemoteSwiftPackageReference;
			repositoryURL = "git@github.com:SDWebImage/SDWebImage.git";
			requirement = {
				kind = exactVersion;
				version = 5.9.5;
			};
		};
		67D98CBB28396F68006BCC6E /* XCRemoteSwiftPackageReference "swift-markdown" */ = {
			isa = XCRemoteSwiftPackageReference;
			repositoryURL = "git@github.com:apple/swift-markdown.git";
			requirement = {
				branch = main;
				kind = branch;
			};
		};
/* End XCRemoteSwiftPackageReference section */

/* Begin XCSwiftPackageProductDependency section */
		6700F649282983C600AB90BA /* Puppy */ = {
			isa = XCSwiftPackageProductDependency;
			package = 6700F648282983C600AB90BA /* XCRemoteSwiftPackageReference "Puppy" */;
			productName = Puppy;
		};
		679AEC392814BE4700180CEF /* Pluma */ = {
			isa = XCSwiftPackageProductDependency;
			package = 679AEC382814BE4700180CEF /* XCRemoteSwiftPackageReference "Pluma" */;
			productName = Pluma;
		};
		67C713D4283039520024C175 /* SDWebImage */ = {
			isa = XCSwiftPackageProductDependency;
			package = 67C713D3283039520024C175 /* XCRemoteSwiftPackageReference "SDWebImage" */;
			productName = SDWebImage;
		};
		67D98CBF2839701A006BCC6E /* Markdown */ = {
			isa = XCSwiftPackageProductDependency;
			package = 67D98CBB28396F68006BCC6E /* XCRemoteSwiftPackageReference "swift-markdown" */;
			productName = Markdown;
		};
/* End XCSwiftPackageProductDependency section */
	};
	rootObject = 67E2280D28147E1F0083D9EF /* Project object */;
}
